
Microsoft Visual Studio Solution File, Format Version 12.00
# Visual Studio Version 16
VisualStudioVersion = 16.0.30503.244
MinimumVisualStudioVersion = 10.0.40219.1
Project("{FAE04EC0-301F-11D3-BF4B-00C04F79EFBC}") = "RazorPages", "RazorPages\RazorPages.csproj", "{1E309DBC-0799-4C1B-9FB1-DA8DB982FE07}"
EndProject
Global
	GlobalSection(SolutionConfigurationPlatforms) = preSolution
		Debug|Any CPU = Debug|Any CPU
		Release|Any CPU = Release|Any CPU
	EndGlobalSection
	GlobalSection(ProjectConfigurationPlatforms) = postSolution
		{1E309DBC-0799-4C1B-9FB1-DA8DB982FE07}.Debug|Any CPU.ActiveCfg = Debug|Any CPU
		{1E309DBC-0799-4C1B-9FB1-DA8DB982FE07}.Debug|Any CPU.Build.0 = Debug|Any CPU
		{1E309DBC-0799-4C1B-9FB1-DA8DB982FE07}.Release|Any CPU.ActiveCfg = Release|Any CPU
		{1E309DBC-0799-4C1B-9FB1-DA8DB982FE07}.Release|Any CPU.Build.0 = Release|Any CPU
	EndGlobalSection
	GlobalSection(SolutionProperties) = preSolution
		HideSolutionNode = FALSE
	EndGlobalSection
	GlobalSection(ExtensibilityGlobals) = postSolution
		SolutionGuid = {847C6DD2-A2DD-4E99-9AEB-8DAB019D1CAD}
	EndGlobalSection
EndGlobal
