
Microsoft Visual Studio Solution File, Format Version 12.00
# Visual Studio Version 16
VisualStudioVersion = 16.0.30503.244
MinimumVisualStudioVersion = 10.0.40219.1
Project("{FAE04EC0-301F-11D3-BF4B-00C04F79EFBC}") = "AspNetCoreWebAPI", "AspNetCoreWebAPI\AspNetCoreWebAPI.csproj", "{828EEA47-5175-4D4C-8746-61AE839240F4}"
EndProject
Global
	GlobalSection(SolutionConfigurationPlatforms) = preSolution
		Debug|Any CPU = Debug|Any CPU
		Release|Any CPU = Release|Any CPU
	EndGlobalSection
	GlobalSection(ProjectConfigurationPlatforms) = postSolution
		{828EEA47-5175-4D4C-8746-61AE839240F4}.Debug|Any CPU.ActiveCfg = Debug|Any CPU
		{828EEA47-5175-4D4C-8746-61AE839240F4}.Debug|Any CPU.Build.0 = Debug|Any CPU
		{828EEA47-5175-4D4C-8746-61AE839240F4}.Release|Any CPU.ActiveCfg = Release|Any CPU
		{828EEA47-5175-4D4C-8746-61AE839240F4}.Release|Any CPU.Build.0 = Release|Any CPU
	EndGlobalSection
	GlobalSection(SolutionProperties) = preSolution
		HideSolutionNode = FALSE
	EndGlobalSection
	GlobalSection(ExtensibilityGlobals) = postSolution
		SolutionGuid = {1273373C-CC1C-47E5-A1DB-F2B862AE2EDB}
	EndGlobalSection
EndGlobal
