
Microsoft Visual Studio Solution File, Format Version 12.00
# Visual Studio Version 16
VisualStudioVersion = 16.0.30503.244
MinimumVisualStudioVersion = 10.0.40219.1
Project("{FAE04EC0-301F-11D3-BF4B-00C04F79EFBC}") = "MVC4FrameworkFirstTry", "MVC4FrameworkFirstTry\MVC4FrameworkFirstTry.csproj", "{CA4122F5-D78B-402D-8808-962B0331E35A}"
EndProject
Global
	GlobalSection(SolutionConfigurationPlatforms) = preSolution
		Debug|Any CPU = Debug|Any CPU
		Release|Any CPU = Release|Any CPU
	EndGlobalSection
	GlobalSection(ProjectConfigurationPlatforms) = postSolution
		{CA4122F5-D78B-402D-8808-962B0331E35A}.Debug|Any CPU.ActiveCfg = Debug|Any CPU
		{CA4122F5-D78B-402D-8808-962B0331E35A}.Debug|Any CPU.Build.0 = Debug|Any CPU
		{CA4122F5-D78B-402D-8808-962B0331E35A}.Release|Any CPU.ActiveCfg = Release|Any CPU
		{CA4122F5-D78B-402D-8808-962B0331E35A}.Release|Any CPU.Build.0 = Release|Any CPU
	EndGlobalSection
	GlobalSection(SolutionProperties) = preSolution
		HideSolutionNode = FALSE
	EndGlobalSection
	GlobalSection(ExtensibilityGlobals) = postSolution
		SolutionGuid = {EC93A024-A333-40DC-B763-D006E81A8F9C}
	EndGlobalSection
EndGlobal
